<Solution>
  <Configurations>
    <Platform Name="Any CPU" />
    <Platform Name="x64" />
    <Platform Name="x86" />
  </Configurations>
  <Folder Name="/Solution Items/">
    <File Path=".editorconfig" />
    <File Path=".gitignore" />
    <File Path="Directory.Build.props" />
    <File Path="Directory.Build.targets" />
    <File Path="Directory.Packages.props" />
    <File Path="global.json" />
    <File Path="nuget.config" />
    <File Path="README.md" />
  </Folder>
  <Folder Name="/src/">
    <Project Path="src/YTest.MTP.XUnit2/YTest.MTP.XUnit2.csproj" />
  </Folder>
  <Folder Name="/tests/">
    <Project Path="tests/YTest.MTP.XUnit2.Tests/YTest.MTP.XUnit2.Tests.csproj" />
  </Folder>
</Solution>
